
Microsoft Visual Studio Solution File, Format Version 12.00
# Visual Studio Version 17
VisualStudioVersion = 17.11.35327.3
MinimumVisualStudioVersion = 10.0.40219.1
Project("{9A19103F-16F7-4668-BE54-9A1E7A4F7556}") = "Spectacles", "Spectacles.csproj", "{2777B6BE-A87A-4D61-BD35-53FA72E5F967}"
EndProject
Project("{D954291E-2A0B-460D-934E-DC6B0785DB48}") = "Exceptions", "..\Exceptions\Exceptions.shproj", "{718256A8-CBF5-4D33-B771-EE9F61791E0F}"
EndProject
Project("{D954291E-2A0B-460D-934E-DC6B0785DB48}") = "StorageData", "..\StorageData\StorageData.shproj", "{F3CCC6E1-F352-4B9B-B795-98432C0D8AC1}"
EndProject
Project("{D954291E-2A0B-460D-934E-DC6B0785DB48}") = "Utils", "..\Utils\Utils.shproj", "{1497CD12-B38A-4332-8F79-D25E0CD20B13}"
EndProject
Global
	GlobalSection(SolutionConfigurationPlatforms) = preSolution
		Debug|Any CPU = Debug|Any CPU
		Release|Any CPU = Release|Any CPU
	EndGlobalSection
	GlobalSection(ProjectConfigurationPlatforms) = postSolution
		{2777B6BE-A87A-4D61-BD35-53FA72E5F967}.Debug|Any CPU.ActiveCfg = Debug|Any CPU
		{2777B6BE-A87A-4D61-BD35-53FA72E5F967}.Debug|Any CPU.Build.0 = Debug|Any CPU
		{2777B6BE-A87A-4D61-BD35-53FA72E5F967}.Release|Any CPU.ActiveCfg = Release|Any CPU
		{2777B6BE-A87A-4D61-BD35-53FA72E5F967}.Release|Any CPU.Build.0 = Release|Any CPU
	EndGlobalSection
	GlobalSection(SolutionProperties) = preSolution
		HideSolutionNode = FALSE
	EndGlobalSection
	GlobalSection(ExtensibilityGlobals) = postSolution
		SolutionGuid = {79E5ABAC-DA0B-4DB2-9BEC-6FEFE0D4D4D4}
	EndGlobalSection
	GlobalSection(SharedMSBuildProjectFiles) = preSolution
		..\Utils\Utils.projitems*{1497cd12-b38a-4332-8f79-d25e0cd20b13}*SharedItemsImports = 13
		..\Exceptions\Exceptions.projitems*{2777b6be-a87a-4d61-bd35-53fa72e5f967}*SharedItemsImports = 5
		..\StorageData\StorageData.projitems*{2777b6be-a87a-4d61-bd35-53fa72e5f967}*SharedItemsImports = 5
		..\Utils\Utils.projitems*{2777b6be-a87a-4d61-bd35-53fa72e5f967}*SharedItemsImports = 5
		..\Exceptions\Exceptions.projitems*{718256a8-cbf5-4d33-b771-ee9f61791e0f}*SharedItemsImports = 13
		..\StorageData\StorageData.projitems*{f3ccc6e1-f352-4b9b-b795-98432c0d8ac1}*SharedItemsImports = 13
	EndGlobalSection
EndGlobal
